// !$*UTF8*$!
{
	archiveVersion = 1;
	classes = {
	};
	objectVersion = 52;
	objects = {

/* Begin PBXBuildFile section */
		3A2502F325E01F340058EEBF /* SignUpTests.swift in Sources */ = {isa = PBXBuildFile; fileRef = 3A2502F225E01F340058EEBF /* SignUpTests.swift */; };
		3A54EE6025FA316A00DCB1B4 /* LoginViewController.swift in Sources */ = {isa = PBXBuildFile; fileRef = 3A54EE5F25FA316A00DCB1B4 /* LoginViewController.swift */; };
		3A54EE6825FA317400DCB1B4 /* SignUpViewController.swift in Sources */ = {isa = PBXBuildFile; fileRef = 3A54EE6725FA317400DCB1B4 /* SignUpViewController.swift */; };
		3A54EE6D25FA318400DCB1B4 /* UserViewController.swift in Sources */ = {isa = PBXBuildFile; fileRef = 3A54EE6C25FA318400DCB1B4 /* UserViewController.swift */; };
		3A54EE7225FA319200DCB1B4 /* MainTableViewController.swift in Sources */ = {isa = PBXBuildFile; fileRef = 3A54EE7125FA319200DCB1B4 /* MainTableViewController.swift */; };
		3A54EE7725FA319800DCB1B4 /* CartTableViewController.swift in Sources */ = {isa = PBXBuildFile; fileRef = 3A54EE7625FA319800DCB1B4 /* CartTableViewController.swift */; };
		3A54EE8725FA5BDF00DCB1B4 /* App.swift in Sources */ = {isa = PBXBuildFile; fileRef = 3A54EE8625FA5BDF00DCB1B4 /* App.swift */; };
		3A6AF8B425DBC48C005A42B3 /* AbstractErrorParser.swift in Sources */ = {isa = PBXBuildFile; fileRef = 3A6AF8B325DBC48C005A42B3 /* AbstractErrorParser.swift */; };
		3A6AF8BC25DBC4BA005A42B3 /* ErrorParser.swift in Sources */ = {isa = PBXBuildFile; fileRef = 3A6AF8BB25DBC4BA005A42B3 /* ErrorParser.swift */; };
		3A6AF8C225DBC672005A42B3 /* Alamofire in Frameworks */ = {isa = PBXBuildFile; productRef = 3A6AF8C125DBC672005A42B3 /* Alamofire */; };
		3A6AF8C725DBC698005A42B3 /* DataRequest.swift in Sources */ = {isa = PBXBuildFile; fileRef = 3A6AF8C625DBC698005A42B3 /* DataRequest.swift */; };
		3A6AF8CC25DBC6F2005A42B3 /* AbstractRequestFactory.swift in Sources */ = {isa = PBXBuildFile; fileRef = 3A6AF8CB25DBC6F2005A42B3 /* AbstractRequestFactory.swift */; };
		3A6AF8D925DBC714005A42B3 /* RequestRouter.swift in Sources */ = {isa = PBXBuildFile; fileRef = 3A6AF8D825DBC714005A42B3 /* RequestRouter.swift */; };
		3A6AF8DE25DBC737005A42B3 /* LoginResult.swift in Sources */ = {isa = PBXBuildFile; fileRef = 3A6AF8DD25DBC737005A42B3 /* LoginResult.swift */; };
		3A6AF8E325DBC74F005A42B3 /* User.swift in Sources */ = {isa = PBXBuildFile; fileRef = 3A6AF8E225DBC74F005A42B3 /* User.swift */; };
		3A6AF8E925DBC777005A42B3 /* AuthRequestFactory.swift in Sources */ = {isa = PBXBuildFile; fileRef = 3A6AF8E825DBC777005A42B3 /* AuthRequestFactory.swift */; };
		3A6AF8F125DBC78F005A42B3 /* Auth.swift in Sources */ = {isa = PBXBuildFile; fileRef = 3A6AF8F025DBC78F005A42B3 /* Auth.swift */; };
		3A6AF8F625DBC7A9005A42B3 /* RequestFactory.swift in Sources */ = {isa = PBXBuildFile; fileRef = 3A6AF8F525DBC7A9005A42B3 /* RequestFactory.swift */; };
		3A6AF90025DBCA28005A42B3 /* SignUpRequestFactory.swift in Sources */ = {isa = PBXBuildFile; fileRef = 3A6AF8FF25DBCA28005A42B3 /* SignUpRequestFactory.swift */; };
		3A6AF90525DBCA31005A42B3 /* SignUp.swift in Sources */ = {isa = PBXBuildFile; fileRef = 3A6AF90425DBCA31005A42B3 /* SignUp.swift */; };
		3A6AF90A25DBCABF005A42B3 /* SignUpResult.swift in Sources */ = {isa = PBXBuildFile; fileRef = 3A6AF90925DBCABF005A42B3 /* SignUpResult.swift */; };
		3A6D437625F64081007314BA /* DeleteFromBasketRequestFactory.swift in Sources */ = {isa = PBXBuildFile; fileRef = 3A6D437525F64081007314BA /* DeleteFromBasketRequestFactory.swift */; };
		3A6D437E25F64091007314BA /* DeleteFromBasket.swift in Sources */ = {isa = PBXBuildFile; fileRef = 3A6D437D25F64091007314BA /* DeleteFromBasket.swift */; };
		3A982A1325F0CBE400AD38E6 /* CatalogDataRequestFactory.swift in Sources */ = {isa = PBXBuildFile; fileRef = 3A982A1225F0CBE400AD38E6 /* CatalogDataRequestFactory.swift */; };
		3A982A1B25F0CC1500AD38E6 /* CatalogDataResult.swift in Sources */ = {isa = PBXBuildFile; fileRef = 3A982A1A25F0CC1500AD38E6 /* CatalogDataResult.swift */; };
		3A982A2025F0CD4D00AD38E6 /* CatalogData.swift in Sources */ = {isa = PBXBuildFile; fileRef = 3A982A1F25F0CD4D00AD38E6 /* CatalogData.swift */; };
		3A982A2525F0DAE400AD38E6 /* GetGoodByIdResult.swift in Sources */ = {isa = PBXBuildFile; fileRef = 3A982A2425F0DAE400AD38E6 /* GetGoodByIdResult.swift */; };
		3A982A2E25F0DB1100AD38E6 /* GetGoodByIdRequestFactory.swift in Sources */ = {isa = PBXBuildFile; fileRef = 3A982A2D25F0DB1100AD38E6 /* GetGoodByIdRequestFactory.swift */; };
		3A982A3325F0DB1800AD38E6 /* GetGoodById.swift in Sources */ = {isa = PBXBuildFile; fileRef = 3A982A3225F0DB1800AD38E6 /* GetGoodById.swift */; };
		3A982A3825F0DD6200AD38E6 /* CatalogDataTests.swift in Sources */ = {isa = PBXBuildFile; fileRef = 3A982A3725F0DD6200AD38E6 /* CatalogDataTests.swift */; };
		3A982A3D25F0DE2000AD38E6 /* GetGoodByIdTests.swift in Sources */ = {isa = PBXBuildFile; fileRef = 3A982A3C25F0DE2000AD38E6 /* GetGoodByIdTests.swift */; };
		3A982A4225F0E0AD00AD38E6 /* AddReviewResult.swift in Sources */ = {isa = PBXBuildFile; fileRef = 3A982A4125F0E0AD00AD38E6 /* AddReviewResult.swift */; };
		3A982A4725F0E0CE00AD38E6 /* RemoveReviewResult.swift in Sources */ = {isa = PBXBuildFile; fileRef = 3A982A4625F0E0CE00AD38E6 /* RemoveReviewResult.swift */; };
		3A982A5225F0E16B00AD38E6 /* AddReview.swift in Sources */ = {isa = PBXBuildFile; fileRef = 3A982A5125F0E16B00AD38E6 /* AddReview.swift */; };
		3A982A5A25F0E17800AD38E6 /* AddReviewRequestFactory.swift in Sources */ = {isa = PBXBuildFile; fileRef = 3A982A5925F0E17800AD38E6 /* AddReviewRequestFactory.swift */; };
		3A982A5F25F0E3D600AD38E6 /* AddReviewTest.swift in Sources */ = {isa = PBXBuildFile; fileRef = 3A982A5E25F0E3D600AD38E6 /* AddReviewTest.swift */; };
		3A982A6525F0E5C300AD38E6 /* RemoveReview.swift in Sources */ = {isa = PBXBuildFile; fileRef = 3A982A6425F0E5C300AD38E6 /* RemoveReview.swift */; };
		3A982A6D25F0E5CB00AD38E6 /* RemoveReviewRequestFactory.swift in Sources */ = {isa = PBXBuildFile; fileRef = 3A982A6C25F0E5CB00AD38E6 /* RemoveReviewRequestFactory.swift */; };
		3A982A7225F0E72800AD38E6 /* RemoveReviewTests.swift in Sources */ = {isa = PBXBuildFile; fileRef = 3A982A7125F0E72800AD38E6 /* RemoveReviewTests.swift */; };
		3AA2B3C725F63CDE003ED227 /* AddToBasketRequestFactory.swift in Sources */ = {isa = PBXBuildFile; fileRef = 3AA2B3C625F63CDE003ED227 /* AddToBasketRequestFactory.swift */; };
		3AA2B3CF25F63CE8003ED227 /* AddToBasket.swift in Sources */ = {isa = PBXBuildFile; fileRef = 3AA2B3CE25F63CE8003ED227 /* AddToBasket.swift */; };
		3AA2B3D425F63D0C003ED227 /* AddToBasketResult.swift in Sources */ = {isa = PBXBuildFile; fileRef = 3AA2B3D325F63D0C003ED227 /* AddToBasketResult.swift */; };
		3AA2B3D925F63D2B003ED227 /* DeleteFromBasketResult.swift in Sources */ = {isa = PBXBuildFile; fileRef = 3AA2B3D825F63D2B003ED227 /* DeleteFromBasketResult.swift */; };
		3AA2B3DE25F63D4F003ED227 /* PayBasketResult.swift in Sources */ = {isa = PBXBuildFile; fileRef = 3AA2B3DD25F63D4F003ED227 /* PayBasketResult.swift */; };
		3AA79D4825FA160F006B19B7 /* Main.storyboard in Resources */ = {isa = PBXBuildFile; fileRef = 3AA79D4725FA160F006B19B7 /* Main.storyboard */; };
		3AA79D5A25FA1C37006B19B7 /* .swiftlint.yml in Resources */ = {isa = PBXBuildFile; fileRef = 3AA79D5925FA1C37006B19B7 /* .swiftlint.yml */; };
		3AD363D025DFFECA000E09C1 /* ChangeUserDataRequestFactory.swift in Sources */ = {isa = PBXBuildFile; fileRef = 3AD363CF25DFFECA000E09C1 /* ChangeUserDataRequestFactory.swift */; };
		3AD363D825DFFF12000E09C1 /* ChangeUserDataResult.swift in Sources */ = {isa = PBXBuildFile; fileRef = 3AD363D725DFFF12000E09C1 /* ChangeUserDataResult.swift */; };
		3AD363DD25DFFF29000E09C1 /* LogoutResult.swift in Sources */ = {isa = PBXBuildFile; fileRef = 3AD363DC25DFFF29000E09C1 /* LogoutResult.swift */; };
		3AD363E225DFFFA2000E09C1 /* LogoutRequestFactory.swift in Sources */ = {isa = PBXBuildFile; fileRef = 3AD363E125DFFFA2000E09C1 /* LogoutRequestFactory.swift */; };
		3AD363EA25DFFFCA000E09C1 /* Logout.swift in Sources */ = {isa = PBXBuildFile; fileRef = 3AD363E925DFFFCA000E09C1 /* Logout.swift */; };
		3AD363EF25DFFFEA000E09C1 /* ChangeUserData.swift in Sources */ = {isa = PBXBuildFile; fileRef = 3AD363EE25DFFFEA000E09C1 /* ChangeUserData.swift */; };
		3AD3640525E00C78000E09C1 /* AuthTests.swift in Sources */ = {isa = PBXBuildFile; fileRef = 3AD3640425E00C78000E09C1 /* AuthTests.swift */; };
		3AD3641025E00E6B000E09C1 /* RequestFactoryTests.swift in Sources */ = {isa = PBXBuildFile; fileRef = 3AD3640F25E00E6B000E09C1 /* RequestFactoryTests.swift */; };
		3ADBD9EE25D4F71800BC63B8 /* AppDelegate.swift in Sources */ = {isa = PBXBuildFile; fileRef = 3ADBD9ED25D4F71800BC63B8 /* AppDelegate.swift */; };
		3ADBD9F025D4F71800BC63B8 /* SceneDelegate.swift in Sources */ = {isa = PBXBuildFile; fileRef = 3ADBD9EF25D4F71800BC63B8 /* SceneDelegate.swift */; };
		3ADBD9F725D4F71900BC63B8 /* Assets.xcassets in Resources */ = {isa = PBXBuildFile; fileRef = 3ADBD9F625D4F71900BC63B8 /* Assets.xcassets */; };
		3ADBD9FA25D4F71900BC63B8 /* LaunchScreen.storyboard in Resources */ = {isa = PBXBuildFile; fileRef = 3ADBD9F825D4F71900BC63B8 /* LaunchScreen.storyboard */; };
		3ADBDA1025D4F71900BC63B8 /* GBShopUITests.swift in Sources */ = {isa = PBXBuildFile; fileRef = 3ADBDA0F25D4F71900BC63B8 /* GBShopUITests.swift */; };
/* End PBXBuildFile section */

/* Begin PBXContainerItemProxy section */
		3ADBDA0125D4F71900BC63B8 /* PBXContainerItemProxy */ = {
			isa = PBXContainerItemProxy;
			containerPortal = 3ADBD9E225D4F71800BC63B8 /* Project object */;
			proxyType = 1;
			remoteGlobalIDString = 3ADBD9E925D4F71800BC63B8;
			remoteInfo = GBShop;
		};
		3ADBDA0C25D4F71900BC63B8 /* PBXContainerItemProxy */ = {
			isa = PBXContainerItemProxy;
			containerPortal = 3ADBD9E225D4F71800BC63B8 /* Project object */;
			proxyType = 1;
			remoteGlobalIDString = 3ADBD9E925D4F71800BC63B8;
			remoteInfo = GBShop;
		};
/* End PBXContainerItemProxy section */

/* Begin PBXFileReference section */
		3A2502F225E01F340058EEBF /* SignUpTests.swift */ = {isa = PBXFileReference; lastKnownFileType = sourcecode.swift; path = SignUpTests.swift; sourceTree = "<group>"; };
		3A54EE5F25FA316A00DCB1B4 /* LoginViewController.swift */ = {isa = PBXFileReference; lastKnownFileType = sourcecode.swift; path = LoginViewController.swift; sourceTree = "<group>"; };
		3A54EE6725FA317400DCB1B4 /* SignUpViewController.swift */ = {isa = PBXFileReference; lastKnownFileType = sourcecode.swift; path = SignUpViewController.swift; sourceTree = "<group>"; };
		3A54EE6C25FA318400DCB1B4 /* UserViewController.swift */ = {isa = PBXFileReference; lastKnownFileType = sourcecode.swift; path = UserViewController.swift; sourceTree = "<group>"; };
		3A54EE7125FA319200DCB1B4 /* MainTableViewController.swift */ = {isa = PBXFileReference; lastKnownFileType = sourcecode.swift; path = MainTableViewController.swift; sourceTree = "<group>"; };
		3A54EE7625FA319800DCB1B4 /* CartTableViewController.swift */ = {isa = PBXFileReference; lastKnownFileType = sourcecode.swift; path = CartTableViewController.swift; sourceTree = "<group>"; };
		3A54EE8625FA5BDF00DCB1B4 /* App.swift */ = {isa = PBXFileReference; lastKnownFileType = sourcecode.swift; path = App.swift; sourceTree = "<group>"; };
		3A6AF8B325DBC48C005A42B3 /* AbstractErrorParser.swift */ = {isa = PBXFileReference; lastKnownFileType = sourcecode.swift; path = AbstractErrorParser.swift; sourceTree = "<group>"; };
		3A6AF8BB25DBC4BA005A42B3 /* ErrorParser.swift */ = {isa = PBXFileReference; lastKnownFileType = sourcecode.swift; path = ErrorParser.swift; sourceTree = "<group>"; };
		3A6AF8C625DBC698005A42B3 /* DataRequest.swift */ = {isa = PBXFileReference; lastKnownFileType = sourcecode.swift; path = DataRequest.swift; sourceTree = "<group>"; };
		3A6AF8CB25DBC6F2005A42B3 /* AbstractRequestFactory.swift */ = {isa = PBXFileReference; lastKnownFileType = sourcecode.swift; path = AbstractRequestFactory.swift; sourceTree = "<group>"; };
		3A6AF8D825DBC714005A42B3 /* RequestRouter.swift */ = {isa = PBXFileReference; lastKnownFileType = sourcecode.swift; path = RequestRouter.swift; sourceTree = "<group>"; };
		3A6AF8DD25DBC737005A42B3 /* LoginResult.swift */ = {isa = PBXFileReference; lastKnownFileType = sourcecode.swift; path = LoginResult.swift; sourceTree = "<group>"; };
		3A6AF8E225DBC74F005A42B3 /* User.swift */ = {isa = PBXFileReference; lastKnownFileType = sourcecode.swift; path = User.swift; sourceTree = "<group>"; };
		3A6AF8E825DBC777005A42B3 /* AuthRequestFactory.swift */ = {isa = PBXFileReference; lastKnownFileType = sourcecode.swift; path = AuthRequestFactory.swift; sourceTree = "<group>"; };
		3A6AF8F025DBC78F005A42B3 /* Auth.swift */ = {isa = PBXFileReference; lastKnownFileType = sourcecode.swift; path = Auth.swift; sourceTree = "<group>"; };
		3A6AF8F525DBC7A9005A42B3 /* RequestFactory.swift */ = {isa = PBXFileReference; lastKnownFileType = sourcecode.swift; path = RequestFactory.swift; sourceTree = "<group>"; };
		3A6AF8FF25DBCA28005A42B3 /* SignUpRequestFactory.swift */ = {isa = PBXFileReference; lastKnownFileType = sourcecode.swift; path = SignUpRequestFactory.swift; sourceTree = "<group>"; };
		3A6AF90425DBCA31005A42B3 /* SignUp.swift */ = {isa = PBXFileReference; lastKnownFileType = sourcecode.swift; path = SignUp.swift; sourceTree = "<group>"; };
		3A6AF90925DBCABF005A42B3 /* SignUpResult.swift */ = {isa = PBXFileReference; lastKnownFileType = sourcecode.swift; path = SignUpResult.swift; sourceTree = "<group>"; };
		3A6D437525F64081007314BA /* DeleteFromBasketRequestFactory.swift */ = {isa = PBXFileReference; lastKnownFileType = sourcecode.swift; path = DeleteFromBasketRequestFactory.swift; sourceTree = "<group>"; };
		3A6D437D25F64091007314BA /* DeleteFromBasket.swift */ = {isa = PBXFileReference; lastKnownFileType = sourcecode.swift; path = DeleteFromBasket.swift; sourceTree = "<group>"; };
		3A982A1225F0CBE400AD38E6 /* CatalogDataRequestFactory.swift */ = {isa = PBXFileReference; lastKnownFileType = sourcecode.swift; path = CatalogDataRequestFactory.swift; sourceTree = "<group>"; };
		3A982A1A25F0CC1500AD38E6 /* CatalogDataResult.swift */ = {isa = PBXFileReference; lastKnownFileType = sourcecode.swift; path = CatalogDataResult.swift; sourceTree = "<group>"; };
		3A982A1F25F0CD4D00AD38E6 /* CatalogData.swift */ = {isa = PBXFileReference; lastKnownFileType = sourcecode.swift; path = CatalogData.swift; sourceTree = "<group>"; };
		3A982A2425F0DAE400AD38E6 /* GetGoodByIdResult.swift */ = {isa = PBXFileReference; lastKnownFileType = sourcecode.swift; path = GetGoodByIdResult.swift; sourceTree = "<group>"; };
		3A982A2D25F0DB1100AD38E6 /* GetGoodByIdRequestFactory.swift */ = {isa = PBXFileReference; lastKnownFileType = sourcecode.swift; path = GetGoodByIdRequestFactory.swift; sourceTree = "<group>"; };
		3A982A3225F0DB1800AD38E6 /* GetGoodById.swift */ = {isa = PBXFileReference; lastKnownFileType = sourcecode.swift; path = GetGoodById.swift; sourceTree = "<group>"; };
		3A982A3725F0DD6200AD38E6 /* CatalogDataTests.swift */ = {isa = PBXFileReference; lastKnownFileType = sourcecode.swift; path = CatalogDataTests.swift; sourceTree = "<group>"; };
		3A982A3C25F0DE2000AD38E6 /* GetGoodByIdTests.swift */ = {isa = PBXFileReference; lastKnownFileType = sourcecode.swift; path = GetGoodByIdTests.swift; sourceTree = "<group>"; };
		3A982A4125F0E0AD00AD38E6 /* AddReviewResult.swift */ = {isa = PBXFileReference; lastKnownFileType = sourcecode.swift; path = AddReviewResult.swift; sourceTree = "<group>"; };
		3A982A4625F0E0CE00AD38E6 /* RemoveReviewResult.swift */ = {isa = PBXFileReference; lastKnownFileType = sourcecode.swift; path = RemoveReviewResult.swift; sourceTree = "<group>"; };
		3A982A5125F0E16B00AD38E6 /* AddReview.swift */ = {isa = PBXFileReference; lastKnownFileType = sourcecode.swift; path = AddReview.swift; sourceTree = "<group>"; };
		3A982A5925F0E17800AD38E6 /* AddReviewRequestFactory.swift */ = {isa = PBXFileReference; lastKnownFileType = sourcecode.swift; path = AddReviewRequestFactory.swift; sourceTree = "<group>"; };
		3A982A5E25F0E3D600AD38E6 /* AddReviewTest.swift */ = {isa = PBXFileReference; lastKnownFileType = sourcecode.swift; path = AddReviewTest.swift; sourceTree = "<group>"; };
		3A982A6425F0E5C300AD38E6 /* RemoveReview.swift */ = {isa = PBXFileReference; lastKnownFileType = sourcecode.swift; path = RemoveReview.swift; sourceTree = "<group>"; };
		3A982A6C25F0E5CB00AD38E6 /* RemoveReviewRequestFactory.swift */ = {isa = PBXFileReference; lastKnownFileType = sourcecode.swift; path = RemoveReviewRequestFactory.swift; sourceTree = "<group>"; };
		3A982A7125F0E72800AD38E6 /* RemoveReviewTests.swift */ = {isa = PBXFileReference; lastKnownFileType = sourcecode.swift; path = RemoveReviewTests.swift; sourceTree = "<group>"; };
		3AA2B3C625F63CDE003ED227 /* AddToBasketRequestFactory.swift */ = {isa = PBXFileReference; lastKnownFileType = sourcecode.swift; path = AddToBasketRequestFactory.swift; sourceTree = "<group>"; };
		3AA2B3CE25F63CE8003ED227 /* AddToBasket.swift */ = {isa = PBXFileReference; lastKnownFileType = sourcecode.swift; path = AddToBasket.swift; sourceTree = "<group>"; };
		3AA2B3D325F63D0C003ED227 /* AddToBasketResult.swift */ = {isa = PBXFileReference; lastKnownFileType = sourcecode.swift; path = AddToBasketResult.swift; sourceTree = "<group>"; };
		3AA2B3D825F63D2B003ED227 /* DeleteFromBasketResult.swift */ = {isa = PBXFileReference; lastKnownFileType = sourcecode.swift; path = DeleteFromBasketResult.swift; sourceTree = "<group>"; };
		3AA2B3DD25F63D4F003ED227 /* PayBasketResult.swift */ = {isa = PBXFileReference; lastKnownFileType = sourcecode.swift; path = PayBasketResult.swift; sourceTree = "<group>"; };
		3AA79D4725FA160F006B19B7 /* Main.storyboard */ = {isa = PBXFileReference; lastKnownFileType = file.storyboard; path = Main.storyboard; sourceTree = "<group>"; };
		3AA79D5925FA1C37006B19B7 /* .swiftlint.yml */ = {isa = PBXFileReference; lastKnownFileType = text.yaml; path = .swiftlint.yml; sourceTree = "<group>"; };
		3AD363CF25DFFECA000E09C1 /* ChangeUserDataRequestFactory.swift */ = {isa = PBXFileReference; lastKnownFileType = sourcecode.swift; path = ChangeUserDataRequestFactory.swift; sourceTree = "<group>"; };
		3AD363D725DFFF12000E09C1 /* ChangeUserDataResult.swift */ = {isa = PBXFileReference; lastKnownFileType = sourcecode.swift; path = ChangeUserDataResult.swift; sourceTree = "<group>"; };
		3AD363DC25DFFF29000E09C1 /* LogoutResult.swift */ = {isa = PBXFileReference; lastKnownFileType = sourcecode.swift; path = LogoutResult.swift; sourceTree = "<group>"; };
		3AD363E125DFFFA2000E09C1 /* LogoutRequestFactory.swift */ = {isa = PBXFileReference; lastKnownFileType = sourcecode.swift; path = LogoutRequestFactory.swift; sourceTree = "<group>"; };
		3AD363E925DFFFCA000E09C1 /* Logout.swift */ = {isa = PBXFileReference; lastKnownFileType = sourcecode.swift; path = Logout.swift; sourceTree = "<group>"; };
		3AD363EE25DFFFEA000E09C1 /* ChangeUserData.swift */ = {isa = PBXFileReference; lastKnownFileType = sourcecode.swift; path = ChangeUserData.swift; sourceTree = "<group>"; };
		3AD3640425E00C78000E09C1 /* AuthTests.swift */ = {isa = PBXFileReference; lastKnownFileType = sourcecode.swift; path = AuthTests.swift; sourceTree = "<group>"; };
		3AD3640F25E00E6B000E09C1 /* RequestFactoryTests.swift */ = {isa = PBXFileReference; lastKnownFileType = sourcecode.swift; path = RequestFactoryTests.swift; sourceTree = "<group>"; };
		3ADBD9EA25D4F71800BC63B8 /* GBShop.app */ = {isa = PBXFileReference; explicitFileType = wrapper.application; includeInIndex = 0; path = GBShop.app; sourceTree = BUILT_PRODUCTS_DIR; };
		3ADBD9ED25D4F71800BC63B8 /* AppDelegate.swift */ = {isa = PBXFileReference; lastKnownFileType = sourcecode.swift; path = AppDelegate.swift; sourceTree = "<group>"; };
		3ADBD9EF25D4F71800BC63B8 /* SceneDelegate.swift */ = {isa = PBXFileReference; lastKnownFileType = sourcecode.swift; path = SceneDelegate.swift; sourceTree = "<group>"; };
		3ADBD9F625D4F71900BC63B8 /* Assets.xcassets */ = {isa = PBXFileReference; lastKnownFileType = folder.assetcatalog; path = Assets.xcassets; sourceTree = "<group>"; };
		3ADBD9F925D4F71900BC63B8 /* Base */ = {isa = PBXFileReference; lastKnownFileType = file.storyboard; name = Base; path = Base.lproj/LaunchScreen.storyboard; sourceTree = "<group>"; };
		3ADBD9FB25D4F71900BC63B8 /* Info.plist */ = {isa = PBXFileReference; lastKnownFileType = text.plist.xml; path = Info.plist; sourceTree = "<group>"; };
		3ADBDA0025D4F71900BC63B8 /* GBShopTests.xctest */ = {isa = PBXFileReference; explicitFileType = wrapper.cfbundle; includeInIndex = 0; path = GBShopTests.xctest; sourceTree = BUILT_PRODUCTS_DIR; };
		3ADBDA0625D4F71900BC63B8 /* Info.plist */ = {isa = PBXFileReference; lastKnownFileType = text.plist.xml; path = Info.plist; sourceTree = "<group>"; };
		3ADBDA0B25D4F71900BC63B8 /* GBShopUITests.xctest */ = {isa = PBXFileReference; explicitFileType = wrapper.cfbundle; includeInIndex = 0; path = GBShopUITests.xctest; sourceTree = BUILT_PRODUCTS_DIR; };
		3ADBDA0F25D4F71900BC63B8 /* GBShopUITests.swift */ = {isa = PBXFileReference; lastKnownFileType = sourcecode.swift; path = GBShopUITests.swift; sourceTree = "<group>"; };
		3ADBDA1125D4F71900BC63B8 /* Info.plist */ = {isa = PBXFileReference; lastKnownFileType = text.plist.xml; path = Info.plist; sourceTree = "<group>"; };
/* End PBXFileReference section */

/* Begin PBXFrameworksBuildPhase section */
		3ADBD9E725D4F71800BC63B8 /* Frameworks */ = {
			isa = PBXFrameworksBuildPhase;
			buildActionMask = 2147483647;
			files = (
				3A6AF8C225DBC672005A42B3 /* Alamofire in Frameworks */,
			);
			runOnlyForDeploymentPostprocessing = 0;
		};
		3ADBD9FD25D4F71900BC63B8 /* Frameworks */ = {
			isa = PBXFrameworksBuildPhase;
			buildActionMask = 2147483647;
			files = (
			);
			runOnlyForDeploymentPostprocessing = 0;
		};
		3ADBDA0825D4F71900BC63B8 /* Frameworks */ = {
			isa = PBXFrameworksBuildPhase;
			buildActionMask = 2147483647;
			files = (
			);
			runOnlyForDeploymentPostprocessing = 0;
		};
/* End PBXFrameworksBuildPhase section */

/* Begin PBXGroup section */
		3A54EE5E25FA314900DCB1B4 /* Controllers */ = {
			isa = PBXGroup;
			children = (
				3A54EE5F25FA316A00DCB1B4 /* LoginViewController.swift */,
				3A54EE6725FA317400DCB1B4 /* SignUpViewController.swift */,
				3A54EE6C25FA318400DCB1B4 /* UserViewController.swift */,
				3A54EE7125FA319200DCB1B4 /* MainTableViewController.swift */,
				3A54EE7625FA319800DCB1B4 /* CartTableViewController.swift */,
			);
			path = Controllers;
			sourceTree = "<group>";
		};
		3A6AF8B225DBC473005A42B3 /* Network */ = {
			isa = PBXGroup;
			children = (
				3A6AF8B325DBC48C005A42B3 /* AbstractErrorParser.swift */,
				3A6AF8BB25DBC4BA005A42B3 /* ErrorParser.swift */,
				3A6AF8CB25DBC6F2005A42B3 /* AbstractRequestFactory.swift */,
				3A6AF8D825DBC714005A42B3 /* RequestRouter.swift */,
				3A6AF8C625DBC698005A42B3 /* DataRequest.swift */,
			);
			path = Network;
			sourceTree = "<group>";
		};
		3A6AF8E725DBC76A005A42B3 /* Network */ = {
			isa = PBXGroup;
			children = (
				3A6D437425F6406F007314BA /* DeleteFromBasket */,
				3AA2B3C525F63C9E003ED227 /* PayBasket */,
				3AA2B3C325F63C84003ED227 /* AddToBasket */,
				3A982A6325F0E5B200AD38E6 /* RemoveReview */,
				3A982A5025F0E16000AD38E6 /* AddReview */,
				3A982A2C25F0DAF700AD38E6 /* GetGoodById */,
				3A982A1125F0CB8A00AD38E6 /* Catalog Data */,
				3AD363CE25DFFE8A000E09C1 /* LogOut */,
				3AD363CD25DFFE76000E09C1 /* ChangeUserData */,
				3A6AF8FD25DBCA05005A42B3 /* Auth */,
				3A6AF8FE25DBCA0A005A42B3 /* SignUp */,
			);
			path = Network;
			sourceTree = "<group>";
		};
		3A6AF8FD25DBCA05005A42B3 /* Auth */ = {
			isa = PBXGroup;
			children = (
				3A6AF8E825DBC777005A42B3 /* AuthRequestFactory.swift */,
				3A6AF8F025DBC78F005A42B3 /* Auth.swift */,
			);
			path = Auth;
			sourceTree = "<group>";
		};
		3A6AF8FE25DBCA0A005A42B3 /* SignUp */ = {
			isa = PBXGroup;
			children = (
				3A6AF8FF25DBCA28005A42B3 /* SignUpRequestFactory.swift */,
				3A6AF90425DBCA31005A42B3 /* SignUp.swift */,
			);
			path = SignUp;
			sourceTree = "<group>";
		};
		3A6D437425F6406F007314BA /* DeleteFromBasket */ = {
			isa = PBXGroup;
			children = (
				3A6D437525F64081007314BA /* DeleteFromBasketRequestFactory.swift */,
				3A6D437D25F64091007314BA /* DeleteFromBasket.swift */,
			);
			path = DeleteFromBasket;
			sourceTree = "<group>";
		};
		3A982A1125F0CB8A00AD38E6 /* Catalog Data */ = {
			isa = PBXGroup;
			children = (
				3A982A1225F0CBE400AD38E6 /* CatalogDataRequestFactory.swift */,
				3A982A1F25F0CD4D00AD38E6 /* CatalogData.swift */,
			);
			path = "Catalog Data";
			sourceTree = "<group>";
		};
		3A982A2C25F0DAF700AD38E6 /* GetGoodById */ = {
			isa = PBXGroup;
			children = (
				3A982A2D25F0DB1100AD38E6 /* GetGoodByIdRequestFactory.swift */,
				3A982A3225F0DB1800AD38E6 /* GetGoodById.swift */,
			);
			path = GetGoodById;
			sourceTree = "<group>";
		};
		3A982A5025F0E16000AD38E6 /* AddReview */ = {
			isa = PBXGroup;
			children = (
				3A982A5125F0E16B00AD38E6 /* AddReview.swift */,
				3A982A5925F0E17800AD38E6 /* AddReviewRequestFactory.swift */,
			);
			path = AddReview;
			sourceTree = "<group>";
		};
		3A982A6325F0E5B200AD38E6 /* RemoveReview */ = {
			isa = PBXGroup;
			children = (
				3A982A6425F0E5C300AD38E6 /* RemoveReview.swift */,
				3A982A6C25F0E5CB00AD38E6 /* RemoveReviewRequestFactory.swift */,
			);
			path = RemoveReview;
			sourceTree = "<group>";
		};
		3AA2B3C325F63C84003ED227 /* AddToBasket */ = {
			isa = PBXGroup;
			children = (
				3AA2B3C625F63CDE003ED227 /* AddToBasketRequestFactory.swift */,
				3AA2B3CE25F63CE8003ED227 /* AddToBasket.swift */,
			);
			path = AddToBasket;
			sourceTree = "<group>";
		};
		3AA2B3C525F63C9E003ED227 /* PayBasket */ = {
			isa = PBXGroup;
			children = (
			);
			path = PayBasket;
			sourceTree = "<group>";
		};
		3AD363CD25DFFE76000E09C1 /* ChangeUserData */ = {
			isa = PBXGroup;
			children = (
				3AD363CF25DFFECA000E09C1 /* ChangeUserDataRequestFactory.swift */,
				3AD363EE25DFFFEA000E09C1 /* ChangeUserData.swift */,
			);
			path = ChangeUserData;
			sourceTree = "<group>";
		};
		3AD363CE25DFFE8A000E09C1 /* LogOut */ = {
			isa = PBXGroup;
			children = (
				3AD363E125DFFFA2000E09C1 /* LogoutRequestFactory.swift */,
				3AD363E925DFFFCA000E09C1 /* Logout.swift */,
			);
			path = LogOut;
			sourceTree = "<group>";
		};
		3ADBD9E125D4F71800BC63B8 = {
			isa = PBXGroup;
			children = (
				3ADBDA2325D4FA5200BC63B8 /* Environments */,
				3ADBDA2225D4FA4A00BC63B8 /* Resources */,
				3ADBDA2125D4FA4400BC63B8 /* Core */,
				3ADBDA2025D4FA3F00BC63B8 /* App */,
				3ADBD9EC25D4F71800BC63B8 /* GBShop */,
				3ADBDA0325D4F71900BC63B8 /* GBShopTests */,
				3ADBDA0E25D4F71900BC63B8 /* GBShopUITests */,
				3ADBD9EB25D4F71800BC63B8 /* Products */,
				3AA79D5925FA1C37006B19B7 /* .swiftlint.yml */,
			);
			sourceTree = "<group>";
		};
		3ADBD9EB25D4F71800BC63B8 /* Products */ = {
			isa = PBXGroup;
			children = (
				3ADBD9EA25D4F71800BC63B8 /* GBShop.app */,
				3ADBDA0025D4F71900BC63B8 /* GBShopTests.xctest */,
				3ADBDA0B25D4F71900BC63B8 /* GBShopUITests.xctest */,
			);
			name = Products;
			sourceTree = "<group>";
		};
		3ADBD9EC25D4F71800BC63B8 /* GBShop */ = {
			isa = PBXGroup;
			children = (
			);
			path = GBShop;
			sourceTree = "<group>";
		};
		3ADBDA0325D4F71900BC63B8 /* GBShopTests */ = {
			isa = PBXGroup;
			children = (
				3ADBDA0625D4F71900BC63B8 /* Info.plist */,
				3AD3640425E00C78000E09C1 /* AuthTests.swift */,
				3AD3640F25E00E6B000E09C1 /* RequestFactoryTests.swift */,
				3A2502F225E01F340058EEBF /* SignUpTests.swift */,
				3A982A3725F0DD6200AD38E6 /* CatalogDataTests.swift */,
				3A982A3C25F0DE2000AD38E6 /* GetGoodByIdTests.swift */,
				3A982A5E25F0E3D600AD38E6 /* AddReviewTest.swift */,
				3A982A7125F0E72800AD38E6 /* RemoveReviewTests.swift */,
			);
			path = GBShopTests;
			sourceTree = "<group>";
		};
		3ADBDA0E25D4F71900BC63B8 /* GBShopUITests */ = {
			isa = PBXGroup;
			children = (
				3ADBDA0F25D4F71900BC63B8 /* GBShopUITests.swift */,
				3ADBDA1125D4F71900BC63B8 /* Info.plist */,
			);
			path = GBShopUITests;
			sourceTree = "<group>";
		};
		3ADBDA2025D4FA3F00BC63B8 /* App */ = {
			isa = PBXGroup;
			children = (
				3ADBD9ED25D4F71800BC63B8 /* AppDelegate.swift */,
				3ADBD9EF25D4F71800BC63B8 /* SceneDelegate.swift */,
				3ADBDA2725D4FA8500BC63B8 /* BusinessLogic */,
				3ADBDA2625D4FA7900BC63B8 /* Assembly */,
				3ADBDA2525D4FA7200BC63B8 /* Flows */,
				3ADBDA2425D4FA6B00BC63B8 /* Entity */,
			);
			path = App;
			sourceTree = "<group>";
		};
		3ADBDA2125D4FA4400BC63B8 /* Core */ = {
			isa = PBXGroup;
			children = (
				3A6AF8B225DBC473005A42B3 /* Network */,
			);
			path = Core;
			sourceTree = "<group>";
		};
		3ADBDA2225D4FA4A00BC63B8 /* Resources */ = {
			isa = PBXGroup;
			children = (
				3ADBD9F625D4F71900BC63B8 /* Assets.xcassets */,
				3ADBD9F825D4F71900BC63B8 /* LaunchScreen.storyboard */,
				3AA79D4725FA160F006B19B7 /* Main.storyboard */,
			);
			path = Resources;
			sourceTree = "<group>";
		};
		3ADBDA2325D4FA5200BC63B8 /* Environments */ = {
			isa = PBXGroup;
			children = (
				3ADBD9FB25D4F71900BC63B8 /* Info.plist */,
			);
			path = Environments;
			sourceTree = "<group>";
		};
		3ADBDA2425D4FA6B00BC63B8 /* Entity */ = {
			isa = PBXGroup;
			children = (
				3A6AF8DD25DBC737005A42B3 /* LoginResult.swift */,
				3A6AF8E225DBC74F005A42B3 /* User.swift */,
				3A6AF90925DBCABF005A42B3 /* SignUpResult.swift */,
				3AD363D725DFFF12000E09C1 /* ChangeUserDataResult.swift */,
				3AD363DC25DFFF29000E09C1 /* LogoutResult.swift */,
				3A982A1A25F0CC1500AD38E6 /* CatalogDataResult.swift */,
				3A982A2425F0DAE400AD38E6 /* GetGoodByIdResult.swift */,
				3A982A4125F0E0AD00AD38E6 /* AddReviewResult.swift */,
				3A982A4625F0E0CE00AD38E6 /* RemoveReviewResult.swift */,
				3AA2B3D325F63D0C003ED227 /* AddToBasketResult.swift */,
				3AA2B3D825F63D2B003ED227 /* DeleteFromBasketResult.swift */,
				3AA2B3DD25F63D4F003ED227 /* PayBasketResult.swift */,
				3A54EE8625FA5BDF00DCB1B4 /* App.swift */,
			);
			path = Entity;
			sourceTree = "<group>";
		};
		3ADBDA2525D4FA7200BC63B8 /* Flows */ = {
			isa = PBXGroup;
			children = (
				3A54EE5E25FA314900DCB1B4 /* Controllers */,
			);
			path = Flows;
			sourceTree = "<group>";
		};
		3ADBDA2625D4FA7900BC63B8 /* Assembly */ = {
			isa = PBXGroup;
			children = (
			);
			path = Assembly;
			sourceTree = "<group>";
		};
		3ADBDA2725D4FA8500BC63B8 /* BusinessLogic */ = {
			isa = PBXGroup;
			children = (
				3A6AF8E725DBC76A005A42B3 /* Network */,
				3A6AF8F525DBC7A9005A42B3 /* RequestFactory.swift */,
			);
			path = BusinessLogic;
			sourceTree = "<group>";
		};
/* End PBXGroup section */

/* Begin PBXNativeTarget section */
		3ADBD9E925D4F71800BC63B8 /* GBShop */ = {
			isa = PBXNativeTarget;
			buildConfigurationList = 3ADBDA1425D4F71900BC63B8 /* Build configuration list for PBXNativeTarget "GBShop" */;
			buildPhases = (
				3ADBD9E625D4F71800BC63B8 /* Sources */,
				3ADBD9E725D4F71800BC63B8 /* Frameworks */,
				3ADBD9E825D4F71800BC63B8 /* Resources */,
				3AA79D5525FA1AC0006B19B7 /* ShellScript */,
			);
			buildRules = (
			);
			dependencies = (
			);
			name = GBShop;
			packageProductDependencies = (
				3A6AF8C125DBC672005A42B3 /* Alamofire */,
			);
			productName = GBShop;
			productReference = 3ADBD9EA25D4F71800BC63B8 /* GBShop.app */;
			productType = "com.apple.product-type.application";
		};
		3ADBD9FF25D4F71900BC63B8 /* GBShopTests */ = {
			isa = PBXNativeTarget;
			buildConfigurationList = 3ADBDA1725D4F71900BC63B8 /* Build configuration list for PBXNativeTarget "GBShopTests" */;
			buildPhases = (
				3ADBD9FC25D4F71900BC63B8 /* Sources */,
				3ADBD9FD25D4F71900BC63B8 /* Frameworks */,
				3ADBD9FE25D4F71900BC63B8 /* Resources */,
			);
			buildRules = (
			);
			dependencies = (
				3ADBDA0225D4F71900BC63B8 /* PBXTargetDependency */,
			);
			name = GBShopTests;
			productName = GBShopTests;
			productReference = 3ADBDA0025D4F71900BC63B8 /* GBShopTests.xctest */;
			productType = "com.apple.product-type.bundle.unit-test";
		};
		3ADBDA0A25D4F71900BC63B8 /* GBShopUITests */ = {
			isa = PBXNativeTarget;
			buildConfigurationList = 3ADBDA1A25D4F71900BC63B8 /* Build configuration list for PBXNativeTarget "GBShopUITests" */;
			buildPhases = (
				3ADBDA0725D4F71900BC63B8 /* Sources */,
				3ADBDA0825D4F71900BC63B8 /* Frameworks */,
				3ADBDA0925D4F71900BC63B8 /* Resources */,
			);
			buildRules = (
			);
			dependencies = (
				3ADBDA0D25D4F71900BC63B8 /* PBXTargetDependency */,
			);
			name = GBShopUITests;
			productName = GBShopUITests;
			productReference = 3ADBDA0B25D4F71900BC63B8 /* GBShopUITests.xctest */;
			productType = "com.apple.product-type.bundle.ui-testing";
		};
/* End PBXNativeTarget section */

/* Begin PBXProject section */
		3ADBD9E225D4F71800BC63B8 /* Project object */ = {
			isa = PBXProject;
			attributes = {
				LastSwiftUpdateCheck = 1230;
				LastUpgradeCheck = 1230;
				TargetAttributes = {
					3ADBD9E925D4F71800BC63B8 = {
						CreatedOnToolsVersion = 12.3;
					};
					3ADBD9FF25D4F71900BC63B8 = {
						CreatedOnToolsVersion = 12.3;
						LastSwiftMigration = 1230;
						TestTargetID = 3ADBD9E925D4F71800BC63B8;
					};
					3ADBDA0A25D4F71900BC63B8 = {
						CreatedOnToolsVersion = 12.3;
						TestTargetID = 3ADBD9E925D4F71800BC63B8;
					};
				};
			};
			buildConfigurationList = 3ADBD9E525D4F71800BC63B8 /* Build configuration list for PBXProject "GBShop" */;
			compatibilityVersion = "Xcode 9.3";
			developmentRegion = en;
			hasScannedForEncodings = 0;
			knownRegions = (
				en,
				Base,
			);
			mainGroup = 3ADBD9E125D4F71800BC63B8;
			packageReferences = (
				3A6AF8C025DBC672005A42B3 /* XCRemoteSwiftPackageReference "Alamofire" */,
			);
			productRefGroup = 3ADBD9EB25D4F71800BC63B8 /* Products */;
			projectDirPath = "";
			projectRoot = "";
			targets = (
				3ADBD9E925D4F71800BC63B8 /* GBShop */,
				3ADBD9FF25D4F71900BC63B8 /* GBShopTests */,
				3ADBDA0A25D4F71900BC63B8 /* GBShopUITests */,
			);
		};
/* End PBXProject section */

/* Begin PBXResourcesBuildPhase section */
		3ADBD9E825D4F71800BC63B8 /* Resources */ = {
			isa = PBXResourcesBuildPhase;
			buildActionMask = 2147483647;
			files = (
				3AA79D5A25FA1C37006B19B7 /* .swiftlint.yml in Resources */,
				3AA79D4825FA160F006B19B7 /* Main.storyboard in Resources */,
				3ADBD9FA25D4F71900BC63B8 /* LaunchScreen.storyboard in Resources */,
				3ADBD9F725D4F71900BC63B8 /* Assets.xcassets in Resources */,
			);
			runOnlyForDeploymentPostprocessing = 0;
		};
		3ADBD9FE25D4F71900BC63B8 /* Resources */ = {
			isa = PBXResourcesBuildPhase;
			buildActionMask = 2147483647;
			files = (
			);
			runOnlyForDeploymentPostprocessing = 0;
		};
		3ADBDA0925D4F71900BC63B8 /* Resources */ = {
			isa = PBXResourcesBuildPhase;
			buildActionMask = 2147483647;
			files = (
			);
			runOnlyForDeploymentPostprocessing = 0;
		};
/* End PBXResourcesBuildPhase section */

/* Begin PBXShellScriptBuildPhase section */
		3AA79D5525FA1AC0006B19B7 /* ShellScript */ = {
			isa = PBXShellScriptBuildPhase;
			buildActionMask = 2147483647;
			files = (
			);
			inputFileListPaths = (
			);
			inputPaths = (
			);
			outputFileListPaths = (
			);
			outputPaths = (
			);
			runOnlyForDeploymentPostprocessing = 0;
			shellPath = /bin/sh;
			shellScript = "# Type a script or drag a script file from your workspace to insert its path.\nif which swiftlint >/dev/null; then\n  swiftlint\nelse\n  echo \"error: SwiftLint does not exist, download it from https://github.com/realm/SwiftLint\"\n  exit 1\nfi\n";
		};
/* End PBXShellScriptBuildPhase section */

/* Begin PBXSourcesBuildPhase section */
		3ADBD9E625D4F71800BC63B8 /* Sources */ = {
			isa = PBXSourcesBuildPhase;
			buildActionMask = 2147483647;
			files = (
				3A54EE7225FA319200DCB1B4 /* MainTableViewController.swift in Sources */,
				3AD363DD25DFFF29000E09C1 /* LogoutResult.swift in Sources */,
				3A982A3325F0DB1800AD38E6 /* GetGoodById.swift in Sources */,
				3A54EE6025FA316A00DCB1B4 /* LoginViewController.swift in Sources */,
				3A54EE6D25FA318400DCB1B4 /* UserViewController.swift in Sources */,
				3A982A6525F0E5C300AD38E6 /* RemoveReview.swift in Sources */,
				3A6AF8F625DBC7A9005A42B3 /* RequestFactory.swift in Sources */,
				3A982A6D25F0E5CB00AD38E6 /* RemoveReviewRequestFactory.swift in Sources */,
				3AA2B3D925F63D2B003ED227 /* DeleteFromBasketResult.swift in Sources */,
				3A6D437625F64081007314BA /* DeleteFromBasketRequestFactory.swift in Sources */,
				3AD363D025DFFECA000E09C1 /* ChangeUserDataRequestFactory.swift in Sources */,
				3AD363D825DFFF12000E09C1 /* ChangeUserDataResult.swift in Sources */,
				3AD363EF25DFFFEA000E09C1 /* ChangeUserData.swift in Sources */,
				3A6D437E25F64091007314BA /* DeleteFromBasket.swift in Sources */,
				3A982A4225F0E0AD00AD38E6 /* AddReviewResult.swift in Sources */,
				3A6AF90A25DBCABF005A42B3 /* SignUpResult.swift in Sources */,
				3A6AF8B425DBC48C005A42B3 /* AbstractErrorParser.swift in Sources */,
				3A982A5225F0E16B00AD38E6 /* AddReview.swift in Sources */,
				3A6AF8C725DBC698005A42B3 /* DataRequest.swift in Sources */,
				3A6AF8E925DBC777005A42B3 /* AuthRequestFactory.swift in Sources */,
				3A6AF8D925DBC714005A42B3 /* RequestRouter.swift in Sources */,
				3A982A2E25F0DB1100AD38E6 /* GetGoodByIdRequestFactory.swift in Sources */,
				3ADBD9EE25D4F71800BC63B8 /* AppDelegate.swift in Sources */,
				3AD363E225DFFFA2000E09C1 /* LogoutRequestFactory.swift in Sources */,
				3A6AF8DE25DBC737005A42B3 /* LoginResult.swift in Sources */,
				3A6AF90525DBCA31005A42B3 /* SignUp.swift in Sources */,
				3AD363EA25DFFFCA000E09C1 /* Logout.swift in Sources */,
				3AA2B3CF25F63CE8003ED227 /* AddToBasket.swift in Sources */,
				3A982A1B25F0CC1500AD38E6 /* CatalogDataResult.swift in Sources */,
				3A982A5A25F0E17800AD38E6 /* AddReviewRequestFactory.swift in Sources */,
				3A6AF8F125DBC78F005A42B3 /* Auth.swift in Sources */,
				3A982A2025F0CD4D00AD38E6 /* CatalogData.swift in Sources */,
				3A6AF8E325DBC74F005A42B3 /* User.swift in Sources */,
				3A982A2525F0DAE400AD38E6 /* GetGoodByIdResult.swift in Sources */,
				3AA2B3DE25F63D4F003ED227 /* PayBasketResult.swift in Sources */,
				3ADBD9F025D4F71800BC63B8 /* SceneDelegate.swift in Sources */,
				3A982A1325F0CBE400AD38E6 /* CatalogDataRequestFactory.swift in Sources */,
				3AA2B3C725F63CDE003ED227 /* AddToBasketRequestFactory.swift in Sources */,
				3A54EE6825FA317400DCB1B4 /* SignUpViewController.swift in Sources */,
				3AA2B3D425F63D0C003ED227 /* AddToBasketResult.swift in Sources */,
				3A6AF8CC25DBC6F2005A42B3 /* AbstractRequestFactory.swift in Sources */,
				3A6AF90025DBCA28005A42B3 /* SignUpRequestFactory.swift in Sources */,
				3A54EE8725FA5BDF00DCB1B4 /* App.swift in Sources */,
				3A6AF8BC25DBC4BA005A42B3 /* ErrorParser.swift in Sources */,
				3A54EE7725FA319800DCB1B4 /* CartTableViewController.swift in Sources */,
				3A982A4725F0E0CE00AD38E6 /* RemoveReviewResult.swift in Sources */,
			);
			runOnlyForDeploymentPostprocessing = 0;
		};
		3ADBD9FC25D4F71900BC63B8 /* Sources */ = {
			isa = PBXSourcesBuildPhase;
			buildActionMask = 2147483647;
			files = (
				3A982A7225F0E72800AD38E6 /* RemoveReviewTests.swift in Sources */,
				3A2502F325E01F340058EEBF /* SignUpTests.swift in Sources */,
				3A982A5F25F0E3D600AD38E6 /* AddReviewTest.swift in Sources */,
				3A982A3D25F0DE2000AD38E6 /* GetGoodByIdTests.swift in Sources */,
				3A982A3825F0DD6200AD38E6 /* CatalogDataTests.swift in Sources */,
				3AD3641025E00E6B000E09C1 /* RequestFactoryTests.swift in Sources */,
				3AD3640525E00C78000E09C1 /* AuthTests.swift in Sources */,
			);
			runOnlyForDeploymentPostprocessing = 0;
		};
		3ADBDA0725D4F71900BC63B8 /* Sources */ = {
			isa = PBXSourcesBuildPhase;
			buildActionMask = 2147483647;
			files = (
				3ADBDA1025D4F71900BC63B8 /* GBShopUITests.swift in Sources */,
			);
			runOnlyForDeploymentPostprocessing = 0;
		};
/* End PBXSourcesBuildPhase section */

/* Begin PBXTargetDependency section */
		3ADBDA0225D4F71900BC63B8 /* PBXTargetDependency */ = {
			isa = PBXTargetDependency;
			target = 3ADBD9E925D4F71800BC63B8 /* GBShop */;
			targetProxy = 3ADBDA0125D4F71900BC63B8 /* PBXContainerItemProxy */;
		};
		3ADBDA0D25D4F71900BC63B8 /* PBXTargetDependency */ = {
			isa = PBXTargetDependency;
			target = 3ADBD9E925D4F71800BC63B8 /* GBShop */;
			targetProxy = 3ADBDA0C25D4F71900BC63B8 /* PBXContainerItemProxy */;
		};
/* End PBXTargetDependency section */

/* Begin PBXVariantGroup section */
		3ADBD9F825D4F71900BC63B8 /* LaunchScreen.storyboard */ = {
			isa = PBXVariantGroup;
			children = (
				3ADBD9F925D4F71900BC63B8 /* Base */,
			);
			name = LaunchScreen.storyboard;
			sourceTree = "<group>";
		};
/* End PBXVariantGroup section */

/* Begin XCBuildConfiguration section */
		3ADBDA1225D4F71900BC63B8 /* Debug */ = {
			isa = XCBuildConfiguration;
			buildSettings = {
				ALWAYS_SEARCH_USER_PATHS = NO;
				CLANG_ANALYZER_NONNULL = YES;
				CLANG_ANALYZER_NUMBER_OBJECT_CONVERSION = YES_AGGRESSIVE;
				CLANG_CXX_LANGUAGE_STANDARD = "gnu++14";
				CLANG_CXX_LIBRARY = "libc++";
				CLANG_ENABLE_MODULES = YES;
				CLANG_ENABLE_OBJC_ARC = YES;
				CLANG_ENABLE_OBJC_WEAK = YES;
				CLANG_WARN_BLOCK_CAPTURE_AUTORELEASING = YES;
				CLANG_WARN_BOOL_CONVERSION = YES;
				CLANG_WARN_COMMA = YES;
				CLANG_WARN_CONSTANT_CONVERSION = YES;
				CLANG_WARN_DEPRECATED_OBJC_IMPLEMENTATIONS = YES;
				CLANG_WARN_DIRECT_OBJC_ISA_USAGE = YES_ERROR;
				CLANG_WARN_DOCUMENTATION_COMMENTS = YES;
				CLANG_WARN_EMPTY_BODY = YES;
				CLANG_WARN_ENUM_CONVERSION = YES;
				CLANG_WARN_INFINITE_RECURSION = YES;
				CLANG_WARN_INT_CONVERSION = YES;
				CLANG_WARN_NON_LITERAL_NULL_CONVERSION = YES;
				CLANG_WARN_OBJC_IMPLICIT_RETAIN_SELF = YES;
				CLANG_WARN_OBJC_LITERAL_CONVERSION = YES;
				CLANG_WARN_OBJC_ROOT_CLASS = YES_ERROR;
				CLANG_WARN_QUOTED_INCLUDE_IN_FRAMEWORK_HEADER = YES;
				CLANG_WARN_RANGE_LOOP_ANALYSIS = YES;
				CLANG_WARN_STRICT_PROTOTYPES = YES;
				CLANG_WARN_SUSPICIOUS_MOVE = YES;
				CLANG_WARN_UNGUARDED_AVAILABILITY = YES_AGGRESSIVE;
				CLANG_WARN_UNREACHABLE_CODE = YES;
				CLANG_WARN__DUPLICATE_METHOD_MATCH = YES;
				COPY_PHASE_STRIP = NO;
				DEBUG_INFORMATION_FORMAT = dwarf;
				ENABLE_STRICT_OBJC_MSGSEND = YES;
				ENABLE_TESTABILITY = YES;
				GCC_C_LANGUAGE_STANDARD = gnu11;
				GCC_DYNAMIC_NO_PIC = NO;
				GCC_NO_COMMON_BLOCKS = YES;
				GCC_OPTIMIZATION_LEVEL = 0;
				GCC_PREPROCESSOR_DEFINITIONS = (
					"DEBUG=1",
					"$(inherited)",
				);
				GCC_WARN_64_TO_32_BIT_CONVERSION = YES;
				GCC_WARN_ABOUT_RETURN_TYPE = YES_ERROR;
				GCC_WARN_UNDECLARED_SELECTOR = YES;
				GCC_WARN_UNINITIALIZED_AUTOS = YES_AGGRESSIVE;
				GCC_WARN_UNUSED_FUNCTION = YES;
				GCC_WARN_UNUSED_VARIABLE = YES;
				IPHONEOS_DEPLOYMENT_TARGET = 14.3;
				MTL_ENABLE_DEBUG_INFO = INCLUDE_SOURCE;
				MTL_FAST_MATH = YES;
				ONLY_ACTIVE_ARCH = YES;
				SDKROOT = iphoneos;
				SWIFT_ACTIVE_COMPILATION_CONDITIONS = DEBUG;
				SWIFT_OPTIMIZATION_LEVEL = "-Onone";
			};
			name = Debug;
		};
		3ADBDA1325D4F71900BC63B8 /* Release */ = {
			isa = XCBuildConfiguration;
			buildSettings = {
				ALWAYS_SEARCH_USER_PATHS = NO;
				CLANG_ANALYZER_NONNULL = YES;
				CLANG_ANALYZER_NUMBER_OBJECT_CONVERSION = YES_AGGRESSIVE;
				CLANG_CXX_LANGUAGE_STANDARD = "gnu++14";
				CLANG_CXX_LIBRARY = "libc++";
				CLANG_ENABLE_MODULES = YES;
				CLANG_ENABLE_OBJC_ARC = YES;
				CLANG_ENABLE_OBJC_WEAK = YES;
				CLANG_WARN_BLOCK_CAPTURE_AUTORELEASING = YES;
				CLANG_WARN_BOOL_CONVERSION = YES;
				CLANG_WARN_COMMA = YES;
				CLANG_WARN_CONSTANT_CONVERSION = YES;
				CLANG_WARN_DEPRECATED_OBJC_IMPLEMENTATIONS = YES;
				CLANG_WARN_DIRECT_OBJC_ISA_USAGE = YES_ERROR;
				CLANG_WARN_DOCUMENTATION_COMMENTS = YES;
				CLANG_WARN_EMPTY_BODY = YES;
				CLANG_WARN_ENUM_CONVERSION = YES;
				CLANG_WARN_INFINITE_RECURSION = YES;
				CLANG_WARN_INT_CONVERSION = YES;
				CLANG_WARN_NON_LITERAL_NULL_CONVERSION = YES;
				CLANG_WARN_OBJC_IMPLICIT_RETAIN_SELF = YES;
				CLANG_WARN_OBJC_LITERAL_CONVERSION = YES;
				CLANG_WARN_OBJC_ROOT_CLASS = YES_ERROR;
				CLANG_WARN_QUOTED_INCLUDE_IN_FRAMEWORK_HEADER = YES;
				CLANG_WARN_RANGE_LOOP_ANALYSIS = YES;
				CLANG_WARN_STRICT_PROTOTYPES = YES;
				CLANG_WARN_SUSPICIOUS_MOVE = YES;
				CLANG_WARN_UNGUARDED_AVAILABILITY = YES_AGGRESSIVE;
				CLANG_WARN_UNREACHABLE_CODE = YES;
				CLANG_WARN__DUPLICATE_METHOD_MATCH = YES;
				COPY_PHASE_STRIP = NO;
				DEBUG_INFORMATION_FORMAT = "dwarf-with-dsym";
				ENABLE_NS_ASSERTIONS = NO;
				ENABLE_STRICT_OBJC_MSGSEND = YES;
				GCC_C_LANGUAGE_STANDARD = gnu11;
				GCC_NO_COMMON_BLOCKS = YES;
				GCC_WARN_64_TO_32_BIT_CONVERSION = YES;
				GCC_WARN_ABOUT_RETURN_TYPE = YES_ERROR;
				GCC_WARN_UNDECLARED_SELECTOR = YES;
				GCC_WARN_UNINITIALIZED_AUTOS = YES_AGGRESSIVE;
				GCC_WARN_UNUSED_FUNCTION = YES;
				GCC_WARN_UNUSED_VARIABLE = YES;
				IPHONEOS_DEPLOYMENT_TARGET = 14.3;
				MTL_ENABLE_DEBUG_INFO = NO;
				MTL_FAST_MATH = YES;
				SDKROOT = iphoneos;
				SWIFT_COMPILATION_MODE = wholemodule;
				SWIFT_OPTIMIZATION_LEVEL = "-O";
				VALIDATE_PRODUCT = YES;
			};
			name = Release;
		};
		3ADBDA1525D4F71900BC63B8 /* Debug */ = {
			isa = XCBuildConfiguration;
			buildSettings = {
				ASSETCATALOG_COMPILER_APPICON_NAME = AppIcon;
				ASSETCATALOG_COMPILER_GLOBAL_ACCENT_COLOR_NAME = AccentColor;
				CODE_SIGN_STYLE = Automatic;
				DEVELOPMENT_TEAM = 6L8Y48RX9J;
				INFOPLIST_FILE = Environments/Info.plist;
				LD_RUNPATH_SEARCH_PATHS = (
					"$(inherited)",
					"@executable_path/Frameworks",
				);
				PRODUCT_BUNDLE_IDENTIFIER = com.avasilchenko.GBShop;
				PRODUCT_NAME = "$(TARGET_NAME)";
				SWIFT_VERSION = 5.0;
				TARGETED_DEVICE_FAMILY = 1;
			};
			name = Debug;
		};
		3ADBDA1625D4F71900BC63B8 /* Release */ = {
			isa = XCBuildConfiguration;
			buildSettings = {
				ASSETCATALOG_COMPILER_APPICON_NAME = AppIcon;
				ASSETCATALOG_COMPILER_GLOBAL_ACCENT_COLOR_NAME = AccentColor;
				CODE_SIGN_STYLE = Automatic;
				DEVELOPMENT_TEAM = 6L8Y48RX9J;
				INFOPLIST_FILE = Environments/Info.plist;
				LD_RUNPATH_SEARCH_PATHS = (
					"$(inherited)",
					"@executable_path/Frameworks",
				);
				PRODUCT_BUNDLE_IDENTIFIER = com.avasilchenko.GBShop;
				PRODUCT_NAME = "$(TARGET_NAME)";
				SWIFT_VERSION = 5.0;
				TARGETED_DEVICE_FAMILY = 1;
			};
			name = Release;
		};
		3ADBDA1825D4F71900BC63B8 /* Debug */ = {
			isa = XCBuildConfiguration;
			buildSettings = {
				ALWAYS_EMBED_SWIFT_STANDARD_LIBRARIES = YES;
				BUNDLE_LOADER = "$(TEST_HOST)";
				CLANG_ENABLE_MODULES = YES;
				CODE_SIGN_STYLE = Automatic;
				DEVELOPMENT_TEAM = 6L8Y48RX9J;
				INFOPLIST_FILE = GBShopTests/Info.plist;
				IPHONEOS_DEPLOYMENT_TARGET = 14.3;
				LD_RUNPATH_SEARCH_PATHS = (
					"$(inherited)",
					"@executable_path/Frameworks",
					"@loader_path/Frameworks",
				);
				PRODUCT_BUNDLE_IDENTIFIER = com.avasilchenko.GBShopTests;
				PRODUCT_NAME = "$(TARGET_NAME)";
				SWIFT_OPTIMIZATION_LEVEL = "-Onone";
				SWIFT_VERSION = 5.0;
				TARGETED_DEVICE_FAMILY = "1,2";
				TEST_HOST = "$(BUILT_PRODUCTS_DIR)/GBShop.app/GBShop";
			};
			name = Debug;
		};
		3ADBDA1925D4F71900BC63B8 /* Release */ = {
			isa = XCBuildConfiguration;
			buildSettings = {
				ALWAYS_EMBED_SWIFT_STANDARD_LIBRARIES = YES;
				BUNDLE_LOADER = "$(TEST_HOST)";
				CLANG_ENABLE_MODULES = YES;
				CODE_SIGN_STYLE = Automatic;
				DEVELOPMENT_TEAM = 6L8Y48RX9J;
				INFOPLIST_FILE = GBShopTests/Info.plist;
				IPHONEOS_DEPLOYMENT_TARGET = 14.3;
				LD_RUNPATH_SEARCH_PATHS = (
					"$(inherited)",
					"@executable_path/Frameworks",
					"@loader_path/Frameworks",
				);
				PRODUCT_BUNDLE_IDENTIFIER = com.avasilchenko.GBShopTests;
				PRODUCT_NAME = "$(TARGET_NAME)";
				SWIFT_VERSION = 5.0;
				TARGETED_DEVICE_FAMILY = "1,2";
				TEST_HOST = "$(BUILT_PRODUCTS_DIR)/GBShop.app/GBShop";
			};
			name = Release;
		};
		3ADBDA1B25D4F71900BC63B8 /* Debug */ = {
			isa = XCBuildConfiguration;
			buildSettings = {
				ALWAYS_EMBED_SWIFT_STANDARD_LIBRARIES = YES;
				CODE_SIGN_STYLE = Automatic;
				DEVELOPMENT_TEAM = 6L8Y48RX9J;
				INFOPLIST_FILE = GBShopUITests/Info.plist;
				LD_RUNPATH_SEARCH_PATHS = (
					"$(inherited)",
					"@executable_path/Frameworks",
					"@loader_path/Frameworks",
				);
				PRODUCT_BUNDLE_IDENTIFIER = com.avasilchenko.GBShopUITests;
				PRODUCT_NAME = "$(TARGET_NAME)";
				SWIFT_VERSION = 5.0;
				TARGETED_DEVICE_FAMILY = "1,2";
				TEST_TARGET_NAME = GBShop;
			};
			name = Debug;
		};
		3ADBDA1C25D4F71900BC63B8 /* Release */ = {
			isa = XCBuildConfiguration;
			buildSettings = {
				ALWAYS_EMBED_SWIFT_STANDARD_LIBRARIES = YES;
				CODE_SIGN_STYLE = Automatic;
				DEVELOPMENT_TEAM = 6L8Y48RX9J;
				INFOPLIST_FILE = GBShopUITests/Info.plist;
				LD_RUNPATH_SEARCH_PATHS = (
					"$(inherited)",
					"@executable_path/Frameworks",
					"@loader_path/Frameworks",
				);
				PRODUCT_BUNDLE_IDENTIFIER = com.avasilchenko.GBShopUITests;
				PRODUCT_NAME = "$(TARGET_NAME)";
				SWIFT_VERSION = 5.0;
				TARGETED_DEVICE_FAMILY = "1,2";
				TEST_TARGET_NAME = GBShop;
			};
			name = Release;
		};
/* End XCBuildConfiguration section */

/* Begin XCConfigurationList section */
		3ADBD9E525D4F71800BC63B8 /* Build configuration list for PBXProject "GBShop" */ = {
			isa = XCConfigurationList;
			buildConfigurations = (
				3ADBDA1225D4F71900BC63B8 /* Debug */,
				3ADBDA1325D4F71900BC63B8 /* Release */,
			);
			defaultConfigurationIsVisible = 0;
			defaultConfigurationName = Release;
		};
		3ADBDA1425D4F71900BC63B8 /* Build configuration list for PBXNativeTarget "GBShop" */ = {
			isa = XCConfigurationList;
			buildConfigurations = (
				3ADBDA1525D4F71900BC63B8 /* Debug */,
				3ADBDA1625D4F71900BC63B8 /* Release */,
			);
			defaultConfigurationIsVisible = 0;
			defaultConfigurationName = Release;
		};
		3ADBDA1725D4F71900BC63B8 /* Build configuration list for PBXNativeTarget "GBShopTests" */ = {
			isa = XCConfigurationList;
			buildConfigurations = (
				3ADBDA1825D4F71900BC63B8 /* Debug */,
				3ADBDA1925D4F71900BC63B8 /* Release */,
			);
			defaultConfigurationIsVisible = 0;
			defaultConfigurationName = Release;
		};
		3ADBDA1A25D4F71900BC63B8 /* Build configuration list for PBXNativeTarget "GBShopUITests" */ = {
			isa = XCConfigurationList;
			buildConfigurations = (
				3ADBDA1B25D4F71900BC63B8 /* Debug */,
				3ADBDA1C25D4F71900BC63B8 /* Release */,
			);
			defaultConfigurationIsVisible = 0;
			defaultConfigurationName = Release;
		};
/* End XCConfigurationList section */

/* Begin XCRemoteSwiftPackageReference section */
		3A6AF8C025DBC672005A42B3 /* XCRemoteSwiftPackageReference "Alamofire" */ = {
			isa = XCRemoteSwiftPackageReference;
			repositoryURL = "https://github.com/Alamofire/Alamofire";
			requirement = {
				kind = upToNextMajorVersion;
				minimumVersion = 5.4.1;
			};
		};
/* End XCRemoteSwiftPackageReference section */

/* Begin XCSwiftPackageProductDependency section */
		3A6AF8C125DBC672005A42B3 /* Alamofire */ = {
			isa = XCSwiftPackageProductDependency;
			package = 3A6AF8C025DBC672005A42B3 /* XCRemoteSwiftPackageReference "Alamofire" */;
			productName = Alamofire;
		};
/* End XCSwiftPackageProductDependency section */
	};
	rootObject = 3ADBD9E225D4F71800BC63B8 /* Project object */;
}
